{
  "name": "claude-turn-diff",
  "version": "0.2.0",
  "lockfileVersion": 3,
  "requires": true,
  "packages": {
    "": {
      "name": "claude-turn-diff",
      "version": "0.2.0",
      "license": "MIT",
      "dependencies": {
        "shell-command-effects": "file:../shell-command-effects"
      },
      "engines": {
        "vscode": "^1.129.0"
      }
    },
    "../shell-command-effects": {
      "version": "0.1.0",
      "license": "MIT",
      "engines": {
        "node": ">=18"
      }
    },
    "node_modules/shell-command-effects": {
      "resolved": "../shell-command-effects",
      "link": true
    }
  }
}
